
Microsoft Visual Studio Solution File, Format Version 12.00
# Visual Studio Version 16
VisualStudioVersion = 16.0.29926.136
MinimumVisualStudioVersion = 10.0.40219.1
Project("{FAE04EC0-301F-11D3-BF4B-00C04F79EFBC}") = "kCrypt-Web", "kCrypt-Web\kCrypt-Web.csproj", "{4CDD4505-5ACF-45AD-AD57-4DFDF796E1A6}"
EndProject
Global
	GlobalSection(SolutionConfigurationPlatforms) = preSolution
		Debug|Any CPU = Debug|Any CPU
		Release|Any CPU = Release|Any CPU
	EndGlobalSection
	GlobalSection(ProjectConfigurationPlatforms) = postSolution
		{4CDD4505-5ACF-45AD-AD57-4DFDF796E1A6}.Debug|Any CPU.ActiveCfg = Debug|Any CPU
		{4CDD4505-5ACF-45AD-AD57-4DFDF796E1A6}.Debug|Any CPU.Build.0 = Debug|Any CPU
		{4CDD4505-5ACF-45AD-AD57-4DFDF796E1A6}.Release|Any CPU.ActiveCfg = Release|Any CPU
		{4CDD4505-5ACF-45AD-AD57-4DFDF796E1A6}.Release|Any CPU.Build.0 = Release|Any CPU
	EndGlobalSection
	GlobalSection(SolutionProperties) = preSolution
		HideSolutionNode = FALSE
	EndGlobalSection
	GlobalSection(ExtensibilityGlobals) = postSolution
		SolutionGuid = {E232B32C-8DE5-41C8-9D3C-6BFEECAF07EE}
	EndGlobalSection
EndGlobal
